
Microsoft Visual Studio Solution File, Format Version 12.00
# Visual Studio Version 17
VisualStudioVersion = 17.5.002.0
MinimumVisualStudioVersion = 10.0.40219.1
Project("{2150E333-8FDC-42A3-9474-1A3956D46DE8}") = "Lesson_1", "Lesson_1", "{543E35D4-D29E-4BE8-97E9-AB2F2CC48D06}"
EndProject
Project("{9A19103F-16F7-4668-BE54-9A1E7A4F7556}") = "Task1", "Lesson_1\Task1\Task1.csproj", "{1D5ACD4A-B459-40CA-8ABB-69D28C5DCDB3}"
EndProject
Project("{9A19103F-16F7-4668-BE54-9A1E7A4F7556}") = "Task2", "Lesson_1\Task2\Task2.csproj", "{44FBE23A-BFB4-428B-A335-1B5CED8B8BAA}"
EndProject
Project("{9A19103F-16F7-4668-BE54-9A1E7A4F7556}") = "Task3", "Lesson_1\Task3\Task3.csproj", "{A2B12EFE-8540-4A42-98C0-AF3324A0A9A5}"
EndProject
Project("{9A19103F-16F7-4668-BE54-9A1E7A4F7556}") = "Task4", "Lesson_1\Task4\Task4.csproj", "{8D07A685-D821-48EA-B3D3-8FDF94346532}"
EndProject
Project("{2150E333-8FDC-42A3-9474-1A3956D46DE8}") = "Lesson_2", "Lesson_2", "{C9813803-D506-4070-BA22-D536BEA694FB}"
EndProject
Project("{9A19103F-16F7-4668-BE54-9A1E7A4F7556}") = "Task2_1", "Lesson_2\Task2_1\Task2_1.csproj", "{6D1919BD-F50D-49AD-8CB7-B5DED8D66356}"
EndProject
Project("{9A19103F-16F7-4668-BE54-9A1E7A4F7556}") = "Task2_2", "Lesson_2\Task2_2\Task2_2.csproj", "{A096E666-1671-47CF-8DF7-A3BB00C64C2F}"
EndProject
Project("{9A19103F-16F7-4668-BE54-9A1E7A4F7556}") = "Task2_3", "Lesson_2\Task2_3\Task2_3.csproj", "{5C636D99-9C0A-47A7-8FFC-267006F2678C}"
EndProject
Project("{9A19103F-16F7-4668-BE54-9A1E7A4F7556}") = "Task2_4", "Lesson_2\Task2_4\Task2_4.csproj", "{20910FE0-493A-4409-85B9-896E85FEE295}"
EndProject
Project("{9A19103F-16F7-4668-BE54-9A1E7A4F7556}") = "Task2_5", "Lesson_2\Task2_5\Task2_5.csproj", "{9D617FA2-46BD-4BB4-83F8-90363B190AB4}"
EndProject
Project("{9A19103F-16F7-4668-BE54-9A1E7A4F7556}") = "Task2_6", "Lesson_2\Task2_6\Task2_6.csproj", "{5B8BD143-E9F6-423F-8DE7-EF296C0D2A8F}"
EndProject
Project("{9A19103F-16F7-4668-BE54-9A1E7A4F7556}") = "Task2_7", "Lesson_2\Task2_7\Task2_7.csproj", "{A5929BB8-427C-4592-A0B1-F49068F23827}"
EndProject
Project("{9A19103F-16F7-4668-BE54-9A1E7A4F7556}") = "Task2_8", "Lesson_2\Task2_8\Task2_8.csproj", "{0A074874-0BC6-42EE-B253-07ABC943FD81}"
EndProject
Project("{9A19103F-16F7-4668-BE54-9A1E7A4F7556}") = "Task2_9", "Lesson_2\Task2_9\Task2_9.csproj", "{A858FF49-7601-4AA3-88D7-8E462F5F4723}"
EndProject
Global
	GlobalSection(SolutionConfigurationPlatforms) = preSolution
		Debug|Any CPU = Debug|Any CPU
		Release|Any CPU = Release|Any CPU
	EndGlobalSection
	GlobalSection(ProjectConfigurationPlatforms) = postSolution
		{1D5ACD4A-B459-40CA-8ABB-69D28C5DCDB3}.Debug|Any CPU.ActiveCfg = Debug|Any CPU
		{1D5ACD4A-B459-40CA-8ABB-69D28C5DCDB3}.Debug|Any CPU.Build.0 = Debug|Any CPU
		{1D5ACD4A-B459-40CA-8ABB-69D28C5DCDB3}.Release|Any CPU.ActiveCfg = Release|Any CPU
		{1D5ACD4A-B459-40CA-8ABB-69D28C5DCDB3}.Release|Any CPU.Build.0 = Release|Any CPU
		{44FBE23A-BFB4-428B-A335-1B5CED8B8BAA}.Debug|Any CPU.ActiveCfg = Debug|Any CPU
		{44FBE23A-BFB4-428B-A335-1B5CED8B8BAA}.Debug|Any CPU.Build.0 = Debug|Any CPU
		{44FBE23A-BFB4-428B-A335-1B5CED8B8BAA}.Release|Any CPU.ActiveCfg = Release|Any CPU
		{44FBE23A-BFB4-428B-A335-1B5CED8B8BAA}.Release|Any CPU.Build.0 = Release|Any CPU
		{A2B12EFE-8540-4A42-98C0-AF3324A0A9A5}.Debug|Any CPU.ActiveCfg = Debug|Any CPU
		{A2B12EFE-8540-4A42-98C0-AF3324A0A9A5}.Debug|Any CPU.Build.0 = Debug|Any CPU
		{A2B12EFE-8540-4A42-98C0-AF3324A0A9A5}.Release|Any CPU.ActiveCfg = Release|Any CPU
		{A2B12EFE-8540-4A42-98C0-AF3324A0A9A5}.Release|Any CPU.Build.0 = Release|Any CPU
		{8D07A685-D821-48EA-B3D3-8FDF94346532}.Debug|Any CPU.ActiveCfg = Debug|Any CPU
		{8D07A685-D821-48EA-B3D3-8FDF94346532}.Debug|Any CPU.Build.0 = Debug|Any CPU
		{8D07A685-D821-48EA-B3D3-8FDF94346532}.Release|Any CPU.ActiveCfg = Release|Any CPU
		{8D07A685-D821-48EA-B3D3-8FDF94346532}.Release|Any CPU.Build.0 = Release|Any CPU
		{6D1919BD-F50D-49AD-8CB7-B5DED8D66356}.Debug|Any CPU.ActiveCfg = Debug|Any CPU
		{6D1919BD-F50D-49AD-8CB7-B5DED8D66356}.Debug|Any CPU.Build.0 = Debug|Any CPU
		{6D1919BD-F50D-49AD-8CB7-B5DED8D66356}.Release|Any CPU.ActiveCfg = Release|Any CPU
		{6D1919BD-F50D-49AD-8CB7-B5DED8D66356}.Release|Any CPU.Build.0 = Release|Any CPU
		{A096E666-1671-47CF-8DF7-A3BB00C64C2F}.Debug|Any CPU.ActiveCfg = Debug|Any CPU
		{A096E666-1671-47CF-8DF7-A3BB00C64C2F}.Debug|Any CPU.Build.0 = Debug|Any CPU
		{A096E666-1671-47CF-8DF7-A3BB00C64C2F}.Release|Any CPU.ActiveCfg = Release|Any CPU
		{A096E666-1671-47CF-8DF7-A3BB00C64C2F}.Release|Any CPU.Build.0 = Release|Any CPU
		{5C636D99-9C0A-47A7-8FFC-267006F2678C}.Debug|Any CPU.ActiveCfg = Debug|Any CPU
		{5C636D99-9C0A-47A7-8FFC-267006F2678C}.Debug|Any CPU.Build.0 = Debug|Any CPU
		{5C636D99-9C0A-47A7-8FFC-267006F2678C}.Release|Any CPU.ActiveCfg = Release|Any CPU
		{5C636D99-9C0A-47A7-8FFC-267006F2678C}.Release|Any CPU.Build.0 = Release|Any CPU
		{20910FE0-493A-4409-85B9-896E85FEE295}.Debug|Any CPU.ActiveCfg = Debug|Any CPU
		{20910FE0-493A-4409-85B9-896E85FEE295}.Debug|Any CPU.Build.0 = Debug|Any CPU
		{20910FE0-493A-4409-85B9-896E85FEE295}.Release|Any CPU.ActiveCfg = Release|Any CPU
		{20910FE0-493A-4409-85B9-896E85FEE295}.Release|Any CPU.Build.0 = Release|Any CPU
		{9D617FA2-46BD-4BB4-83F8-90363B190AB4}.Debug|Any CPU.ActiveCfg = Debug|Any CPU
		{9D617FA2-46BD-4BB4-83F8-90363B190AB4}.Debug|Any CPU.Build.0 = Debug|Any CPU
		{9D617FA2-46BD-4BB4-83F8-90363B190AB4}.Release|Any CPU.ActiveCfg = Release|Any CPU
		{9D617FA2-46BD-4BB4-83F8-90363B190AB4}.Release|Any CPU.Build.0 = Release|Any CPU
		{5B8BD143-E9F6-423F-8DE7-EF296C0D2A8F}.Debug|Any CPU.ActiveCfg = Debug|Any CPU
		{5B8BD143-E9F6-423F-8DE7-EF296C0D2A8F}.Debug|Any CPU.Build.0 = Debug|Any CPU
		{5B8BD143-E9F6-423F-8DE7-EF296C0D2A8F}.Release|Any CPU.ActiveCfg = Release|Any CPU
		{5B8BD143-E9F6-423F-8DE7-EF296C0D2A8F}.Release|Any CPU.Build.0 = Release|Any CPU
		{A5929BB8-427C-4592-A0B1-F49068F23827}.Debug|Any CPU.ActiveCfg = Debug|Any CPU
		{A5929BB8-427C-4592-A0B1-F49068F23827}.Debug|Any CPU.Build.0 = Debug|Any CPU
		{A5929BB8-427C-4592-A0B1-F49068F23827}.Release|Any CPU.ActiveCfg = Release|Any CPU
		{A5929BB8-427C-4592-A0B1-F49068F23827}.Release|Any CPU.Build.0 = Release|Any CPU
		{0A074874-0BC6-42EE-B253-07ABC943FD81}.Debug|Any CPU.ActiveCfg = Debug|Any CPU
		{0A074874-0BC6-42EE-B253-07ABC943FD81}.Debug|Any CPU.Build.0 = Debug|Any CPU
		{0A074874-0BC6-42EE-B253-07ABC943FD81}.Release|Any CPU.ActiveCfg = Release|Any CPU
		{0A074874-0BC6-42EE-B253-07ABC943FD81}.Release|Any CPU.Build.0 = Release|Any CPU
		{A858FF49-7601-4AA3-88D7-8E462F5F4723}.Debug|Any CPU.ActiveCfg = Debug|Any CPU
		{A858FF49-7601-4AA3-88D7-8E462F5F4723}.Debug|Any CPU.Build.0 = Debug|Any CPU
		{A858FF49-7601-4AA3-88D7-8E462F5F4723}.Release|Any CPU.ActiveCfg = Release|Any CPU
		{A858FF49-7601-4AA3-88D7-8E462F5F4723}.Release|Any CPU.Build.0 = Release|Any CPU
	EndGlobalSection
	GlobalSection(SolutionProperties) = preSolution
		HideSolutionNode = FALSE
	EndGlobalSection
	GlobalSection(NestedProjects) = preSolution
		{1D5ACD4A-B459-40CA-8ABB-69D28C5DCDB3} = {543E35D4-D29E-4BE8-97E9-AB2F2CC48D06}
		{44FBE23A-BFB4-428B-A335-1B5CED8B8BAA} = {543E35D4-D29E-4BE8-97E9-AB2F2CC48D06}
		{A2B12EFE-8540-4A42-98C0-AF3324A0A9A5} = {543E35D4-D29E-4BE8-97E9-AB2F2CC48D06}
		{8D07A685-D821-48EA-B3D3-8FDF94346532} = {543E35D4-D29E-4BE8-97E9-AB2F2CC48D06}
		{6D1919BD-F50D-49AD-8CB7-B5DED8D66356} = {C9813803-D506-4070-BA22-D536BEA694FB}
		{A096E666-1671-47CF-8DF7-A3BB00C64C2F} = {C9813803-D506-4070-BA22-D536BEA694FB}
		{5C636D99-9C0A-47A7-8FFC-267006F2678C} = {C9813803-D506-4070-BA22-D536BEA694FB}
		{20910FE0-493A-4409-85B9-896E85FEE295} = {C9813803-D506-4070-BA22-D536BEA694FB}
		{9D617FA2-46BD-4BB4-83F8-90363B190AB4} = {C9813803-D506-4070-BA22-D536BEA694FB}
		{5B8BD143-E9F6-423F-8DE7-EF296C0D2A8F} = {C9813803-D506-4070-BA22-D536BEA694FB}
		{A5929BB8-427C-4592-A0B1-F49068F23827} = {C9813803-D506-4070-BA22-D536BEA694FB}
		{0A074874-0BC6-42EE-B253-07ABC943FD81} = {C9813803-D506-4070-BA22-D536BEA694FB}
		{A858FF49-7601-4AA3-88D7-8E462F5F4723} = {C9813803-D506-4070-BA22-D536BEA694FB}
	EndGlobalSection
	GlobalSection(ExtensibilityGlobals) = postSolution
		SolutionGuid = {F5EE9F12-2E81-4F4D-9D07-1F40E856A41E}
	EndGlobalSection
EndGlobal
